
Microsoft Visual Studio Solution File, Format Version 12.00
# Visual Studio Version 17
VisualStudioVersion = 17.7.34024.191
MinimumVisualStudioVersion = 10.0.40219.1
Project("{FAE04EC0-301F-11D3-BF4B-00C04F79EFBC}") = "HttpTrigger-EF-SQL", "HttpTrigger-EF-SQL.csproj", "{78AAACE2-BA25-4B86-856E-230231B7961A}"
EndProject
Global
	GlobalSection(SolutionConfigurationPlatforms) = preSolution
		Debug|Any CPU = Debug|Any CPU
		Release|Any CPU = Release|Any CPU
	EndGlobalSection
	GlobalSection(ProjectConfigurationPlatforms) = postSolution
		{78AAACE2-BA25-4B86-856E-230231B7961A}.Debug|Any CPU.ActiveCfg = Debug|Any CPU
		{78AAACE2-BA25-4B86-856E-230231B7961A}.Debug|Any CPU.Build.0 = Debug|Any CPU
		{78AAACE2-BA25-4B86-856E-230231B7961A}.Release|Any CPU.ActiveCfg = Release|Any CPU
		{78AAACE2-BA25-4B86-856E-230231B7961A}.Release|Any CPU.Build.0 = Release|Any CPU
	EndGlobalSection
	GlobalSection(SolutionProperties) = preSolution
		HideSolutionNode = FALSE
	EndGlobalSection
	GlobalSection(ExtensibilityGlobals) = postSolution
		SolutionGuid = {826B0240-E675-46BC-9B33-8233C9BC3D84}
	EndGlobalSection
EndGlobal
